
Microsoft Visual Studio Solution File, Format Version 12.00
# Visual Studio Version 17
VisualStudioVersion = 17.9.34728.123
MinimumVisualStudioVersion = 10.0.40219.1
Project("{FAE04EC0-301F-11D3-BF4B-00C04F79EFBC}") = "ETickets", "ETickets\ETickets.csproj", "{D578A72F-CCA2-400A-8F65-8687EEA81B09}"
EndProject
Global
	GlobalSection(SolutionConfigurationPlatforms) = preSolution
		Debug|Any CPU = Debug|Any CPU
		Release|Any CPU = Release|Any CPU
	EndGlobalSection
	GlobalSection(ProjectConfigurationPlatforms) = postSolution
		{D578A72F-CCA2-400A-8F65-8687EEA81B09}.Debug|Any CPU.ActiveCfg = Debug|Any CPU
		{D578A72F-CCA2-400A-8F65-8687EEA81B09}.Debug|Any CPU.Build.0 = Debug|Any CPU
		{D578A72F-CCA2-400A-8F65-8687EEA81B09}.Release|Any CPU.ActiveCfg = Release|Any CPU
		{D578A72F-CCA2-400A-8F65-8687EEA81B09}.Release|Any CPU.Build.0 = Release|Any CPU
	EndGlobalSection
	GlobalSection(SolutionProperties) = preSolution
		HideSolutionNode = FALSE
	EndGlobalSection
	GlobalSection(ExtensibilityGlobals) = postSolution
		SolutionGuid = {57A45285-29CA-4397-A367-17D3618E51BD}
	EndGlobalSection
EndGlobal
